
Microsoft Visual Studio Solution File, Format Version 12.00
# Visual Studio Version 17
VisualStudioVersion = 17.6.33815.320
MinimumVisualStudioVersion = 10.0.40219.1
Project("{FAE04EC0-301F-11D3-BF4B-00C04F79EFBC}") = "WithMovies.Business", "WithMovies.Business\WithMovies.Business.csproj", "{54CB3C59-6814-45E9-AF3D-224758CEB5B7}"
EndProject
Project("{9A19103F-16F7-4668-BE54-9A1E7A4F7556}") = "WithMovies.Domain", "WithMovies.Domain\WithMovies.Domain.csproj", "{D972CE56-B9BB-4510-8046-87B6C09AA8FA}"
EndProject
Project("{FAE04EC0-301F-11D3-BF4B-00C04F79EFBC}") = "WithMovies.WebApi", "WithMovies.WebApi\WithMovies.WebApi.csproj", "{3BF550E3-D7C6-456E-8561-6D22095A70A3}"
EndProject
Project("{FAE04EC0-301F-11D3-BF4B-00C04F79EFBC}") = "WithMovies.Business.UnitTests", "WithMovies.Business.UnitTests\WithMovies.Business.UnitTests.csproj", "{6451B7F5-4E11-4E45-AA49-652BF738B3EF}"
EndProject
Project("{FAE04EC0-301F-11D3-BF4B-00C04F79EFBC}") = "WithMovies.Data.Sqlite", "WithMovies.Data.Sqlite\WithMovies.Data.Sqlite.csproj", "{99A29335-73D6-447E-89FC-A23A0BC1E98D}"
EndProject
Global
	GlobalSection(SolutionConfigurationPlatforms) = preSolution
		Debug|Any CPU = Debug|Any CPU
		Release|Any CPU = Release|Any CPU
	EndGlobalSection
	GlobalSection(ProjectConfigurationPlatforms) = postSolution
		{54CB3C59-6814-45E9-AF3D-224758CEB5B7}.Debug|Any CPU.ActiveCfg = Debug|Any CPU
		{54CB3C59-6814-45E9-AF3D-224758CEB5B7}.Debug|Any CPU.Build.0 = Debug|Any CPU
		{54CB3C59-6814-45E9-AF3D-224758CEB5B7}.Release|Any CPU.ActiveCfg = Release|Any CPU
		{54CB3C59-6814-45E9-AF3D-224758CEB5B7}.Release|Any CPU.Build.0 = Release|Any CPU
		{D972CE56-B9BB-4510-8046-87B6C09AA8FA}.Debug|Any CPU.ActiveCfg = Debug|Any CPU
		{D972CE56-B9BB-4510-8046-87B6C09AA8FA}.Debug|Any CPU.Build.0 = Debug|Any CPU
		{D972CE56-B9BB-4510-8046-87B6C09AA8FA}.Release|Any CPU.ActiveCfg = Release|Any CPU
		{D972CE56-B9BB-4510-8046-87B6C09AA8FA}.Release|Any CPU.Build.0 = Release|Any CPU
		{3BF550E3-D7C6-456E-8561-6D22095A70A3}.Debug|Any CPU.ActiveCfg = Debug|Any CPU
		{3BF550E3-D7C6-456E-8561-6D22095A70A3}.Debug|Any CPU.Build.0 = Debug|Any CPU
		{3BF550E3-D7C6-456E-8561-6D22095A70A3}.Release|Any CPU.ActiveCfg = Release|Any CPU
		{3BF550E3-D7C6-456E-8561-6D22095A70A3}.Release|Any CPU.Build.0 = Release|Any CPU
		{6451B7F5-4E11-4E45-AA49-652BF738B3EF}.Debug|Any CPU.ActiveCfg = Debug|Any CPU
		{6451B7F5-4E11-4E45-AA49-652BF738B3EF}.Debug|Any CPU.Build.0 = Debug|Any CPU
		{6451B7F5-4E11-4E45-AA49-652BF738B3EF}.Release|Any CPU.ActiveCfg = Release|Any CPU
		{6451B7F5-4E11-4E45-AA49-652BF738B3EF}.Release|Any CPU.Build.0 = Release|Any CPU
		{99A29335-73D6-447E-89FC-A23A0BC1E98D}.Debug|Any CPU.ActiveCfg = Debug|Any CPU
		{99A29335-73D6-447E-89FC-A23A0BC1E98D}.Debug|Any CPU.Build.0 = Debug|Any CPU
		{99A29335-73D6-447E-89FC-A23A0BC1E98D}.Release|Any CPU.ActiveCfg = Release|Any CPU
		{99A29335-73D6-447E-89FC-A23A0BC1E98D}.Release|Any CPU.Build.0 = Release|Any CPU
	EndGlobalSection
	GlobalSection(SolutionProperties) = preSolution
		HideSolutionNode = FALSE
	EndGlobalSection
	GlobalSection(ExtensibilityGlobals) = postSolution
		SolutionGuid = {29ECFDB2-2EC3-415D-BB85-378546E7BD94}
	EndGlobalSection
EndGlobal
